
Microsoft Visual Studio Solution File, Format Version 12.00
# Visual Studio Version 16
VisualStudioVersion = 16.0.31911.196
MinimumVisualStudioVersion = 10.0.40219.1
Project("{FAE04EC0-301F-11D3-BF4B-00C04F79EFBC}") = "taller 2", "taller 2\taller 2.csproj", "{0B576CB5-B3BC-4D4E-B0B6-CC55E5026385}"
EndProject
Global
	GlobalSection(SolutionConfigurationPlatforms) = preSolution
		Debug|Any CPU = Debug|Any CPU
		Release|Any CPU = Release|Any CPU
	EndGlobalSection
	GlobalSection(ProjectConfigurationPlatforms) = postSolution
		{0B576CB5-B3BC-4D4E-B0B6-CC55E5026385}.Debug|Any CPU.ActiveCfg = Debug|Any CPU
		{0B576CB5-B3BC-4D4E-B0B6-CC55E5026385}.Debug|Any CPU.Build.0 = Debug|Any CPU
		{0B576CB5-B3BC-4D4E-B0B6-CC55E5026385}.Release|Any CPU.ActiveCfg = Release|Any CPU
		{0B576CB5-B3BC-4D4E-B0B6-CC55E5026385}.Release|Any CPU.Build.0 = Release|Any CPU
	EndGlobalSection
	GlobalSection(SolutionProperties) = preSolution
		HideSolutionNode = FALSE
	EndGlobalSection
	GlobalSection(ExtensibilityGlobals) = postSolution
		SolutionGuid = {E35D303A-CF3C-43E6-AB43-E50D6E386940}
	EndGlobalSection
EndGlobal
